// !$*UTF8*$!
{
	archiveVersion = 1;
	classes = {
	};
	objectVersion = 46;
	objects = {

/* Begin PBXBuildFile section */
		0C23B2E0BF34DFC7F94ACEF9 /* libPods-QR-Coder-Decoder.a in Frameworks */ = {isa = PBXBuildFile; fileRef = 04D703FF9BEC8E5D5A814B95 /* libPods-QR-Coder-Decoder.a */; };
		470C4FC51D46978A0098DBBE /* main.m in Sources */ = {isa = PBXBuildFile; fileRef = 470C4FC41D46978A0098DBBE /* main.m */; };
		470C4FC81D46978A0098DBBE /* AppDelegate.m in Sources */ = {isa = PBXBuildFile; fileRef = 470C4FC71D46978A0098DBBE /* AppDelegate.m */; };
		470C4FCB1D46978A0098DBBE /* FirstViewController.m in Sources */ = {isa = PBXBuildFile; fileRef = 470C4FCA1D46978A0098DBBE /* FirstViewController.m */; };
		470C4FCE1D46978A0098DBBE /* SecondViewController.m in Sources */ = {isa = PBXBuildFile; fileRef = 470C4FCD1D46978A0098DBBE /* SecondViewController.m */; };
		470C4FD11D46978A0098DBBE /* Main.storyboard in Resources */ = {isa = PBXBuildFile; fileRef = 470C4FCF1D46978A0098DBBE /* Main.storyboard */; };
		470C4FD31D46978B0098DBBE /* Assets.xcassets in Resources */ = {isa = PBXBuildFile; fileRef = 470C4FD21D46978B0098DBBE /* Assets.xcassets */; };
		470C4FD61D46978B0098DBBE /* LaunchScreen.storyboard in Resources */ = {isa = PBXBuildFile; fileRef = 470C4FD41D46978B0098DBBE /* LaunchScreen.storyboard */; };
		47A1B1A41D4A9C21008D980C /* bitstream.c in Sources */ = {isa = PBXBuildFile; fileRef = 47A1B1941D4A9C21008D980C /* bitstream.c */; };
		47A1B1A51D4A9C21008D980C /* mask.c in Sources */ = {isa = PBXBuildFile; fileRef = 47A1B1961D4A9C21008D980C /* mask.c */; };
		47A1B1A61D4A9C21008D980C /* qrencode.c in Sources */ = {isa = PBXBuildFile; fileRef = 47A1B1981D4A9C21008D980C /* qrencode.c */; };
		47A1B1A71D4A9C21008D980C /* qrinput.c in Sources */ = {isa = PBXBuildFile; fileRef = 47A1B19A1D4A9C21008D980C /* qrinput.c */; };
		47A1B1A81D4A9C21008D980C /* qrspec.c in Sources */ = {isa = PBXBuildFile; fileRef = 47A1B19C1D4A9C21008D980C /* qrspec.c */; };
		47A1B1A91D4A9C21008D980C /* rscode.c in Sources */ = {isa = PBXBuildFile; fileRef = 47A1B19E1D4A9C21008D980C /* rscode.c */; };
		47A1B1AA1D4A9C21008D980C /* split.c in Sources */ = {isa = PBXBuildFile; fileRef = 47A1B1A01D4A9C21008D980C /* split.c */; };
		47A1B1AB1D4A9C21008D980C /* UIImage+MDQRCode.m in Sources */ = {isa = PBXBuildFile; fileRef = 47A1B1A31D4A9C21008D980C /* UIImage+MDQRCode.m */; };
/* End PBXBuildFile section */

/* Begin PBXFileReference section */
		04D703FF9BEC8E5D5A814B95 /* libPods-QR-Coder-Decoder.a */ = {isa = PBXFileReference; explicitFileType = archive.ar; includeInIndex = 0; path = "libPods-QR-Coder-Decoder.a"; sourceTree = BUILT_PRODUCTS_DIR; };
		2863BF339B3C3D26ABD811AF /* Pods-QR-Coder-Decoder.release.xcconfig */ = {isa = PBXFileReference; includeInIndex = 1; lastKnownFileType = text.xcconfig; name = "Pods-QR-Coder-Decoder.release.xcconfig"; path = "Pods/Target Support Files/Pods-QR-Coder-Decoder/Pods-QR-Coder-Decoder.release.xcconfig"; sourceTree = "<group>"; };
		470C4FC01D46978A0098DBBE /* QR-Coder-Decoder.app */ = {isa = PBXFileReference; explicitFileType = wrapper.application; includeInIndex = 0; path = "QR-Coder-Decoder.app"; sourceTree = BUILT_PRODUCTS_DIR; };
		470C4FC41D46978A0098DBBE /* main.m */ = {isa = PBXFileReference; lastKnownFileType = sourcecode.c.objc; path = main.m; sourceTree = "<group>"; };
		470C4FC61D46978A0098DBBE /* AppDelegate.h */ = {isa = PBXFileReference; lastKnownFileType = sourcecode.c.h; path = AppDelegate.h; sourceTree = "<group>"; };
		470C4FC71D46978A0098DBBE /* AppDelegate.m */ = {isa = PBXFileReference; lastKnownFileType = sourcecode.c.objc; path = AppDelegate.m; sourceTree = "<group>"; };
		470C4FC91D46978A0098DBBE /* FirstViewController.h */ = {isa = PBXFileReference; lastKnownFileType = sourcecode.c.h; path = FirstViewController.h; sourceTree = "<group>"; };
		470C4FCA1D46978A0098DBBE /* FirstViewController.m */ = {isa = PBXFileReference; lastKnownFileType = sourcecode.c.objc; path = FirstViewController.m; sourceTree = "<group>"; };
		470C4FCC1D46978A0098DBBE /* SecondViewController.h */ = {isa = PBXFileReference; lastKnownFileType = sourcecode.c.h; path = SecondViewController.h; sourceTree = "<group>"; };
		470C4FCD1D46978A0098DBBE /* SecondViewController.m */ = {isa = PBXFileReference; lastKnownFileType = sourcecode.c.objc; path = SecondViewController.m; sourceTree = "<group>"; };
		470C4FD01D46978A0098DBBE /* Base */ = {isa = PBXFileReference; lastKnownFileType = file.storyboard; name = Base; path = Base.lproj/Main.storyboard; sourceTree = "<group>"; };
		470C4FD21D46978B0098DBBE /* Assets.xcassets */ = {isa = PBXFileReference; lastKnownFileType = folder.assetcatalog; path = Assets.xcassets; sourceTree = "<group>"; };
		470C4FD51D46978B0098DBBE /* Base */ = {isa = PBXFileReference; lastKnownFileType = file.storyboard; name = Base; path = Base.lproj/LaunchScreen.storyboard; sourceTree = "<group>"; };
		470C4FD71D46978B0098DBBE /* Info.plist */ = {isa = PBXFileReference; lastKnownFileType = text.plist.xml; path = Info.plist; sourceTree = "<group>"; };
		47A1B1941D4A9C21008D980C /* bitstream.c */ = {isa = PBXFileReference; fileEncoding = 4; lastKnownFileType = sourcecode.c.c; path = bitstream.c; sourceTree = "<group>"; };
		47A1B1951D4A9C21008D980C /* bitstream.h */ = {isa = PBXFileReference; fileEncoding = 4; lastKnownFileType = sourcecode.c.h; path = bitstream.h; sourceTree = "<group>"; };
		47A1B1961D4A9C21008D980C /* mask.c */ = {isa = PBXFileReference; fileEncoding = 4; lastKnownFileType = sourcecode.c.c; path = mask.c; sourceTree = "<group>"; };
		47A1B1971D4A9C21008D980C /* mask.h */ = {isa = PBXFileReference; fileEncoding = 4; lastKnownFileType = sourcecode.c.h; path = mask.h; sourceTree = "<group>"; };
		47A1B1981D4A9C21008D980C /* qrencode.c */ = {isa = PBXFileReference; fileEncoding = 4; lastKnownFileType = sourcecode.c.c; path = qrencode.c; sourceTree = "<group>"; };
		47A1B1991D4A9C21008D980C /* qrencode.h */ = {isa = PBXFileReference; fileEncoding = 4; lastKnownFileType = sourcecode.c.h; path = qrencode.h; sourceTree = "<group>"; };
		47A1B19A1D4A9C21008D980C /* qrinput.c */ = {isa = PBXFileReference; fileEncoding = 4; lastKnownFileType = sourcecode.c.c; path = qrinput.c; sourceTree = "<group>"; };
		47A1B19B1D4A9C21008D980C /* qrinput.h */ = {isa = PBXFileReference; fileEncoding = 4; lastKnownFileType = sourcecode.c.h; path = qrinput.h; sourceTree = "<group>"; };
		47A1B19C1D4A9C21008D980C /* qrspec.c */ = {isa = PBXFileReference; fileEncoding = 4; lastKnownFileType = sourcecode.c.c; path = qrspec.c; sourceTree = "<group>"; };
		47A1B19D1D4A9C21008D980C /* qrspec.h */ = {isa = PBXFileReference; fileEncoding = 4; lastKnownFileType = sourcecode.c.h; path = qrspec.h; sourceTree = "<group>"; };
		47A1B19E1D4A9C21008D980C /* rscode.c */ = {isa = PBXFileReference; fileEncoding = 4; lastKnownFileType = sourcecode.c.c; path = rscode.c; sourceTree = "<group>"; };
		47A1B19F1D4A9C21008D980C /* rscode.h */ = {isa = PBXFileReference; fileEncoding = 4; lastKnownFileType = sourcecode.c.h; path = rscode.h; sourceTree = "<group>"; };
		47A1B1A01D4A9C21008D980C /* split.c */ = {isa = PBXFileReference; fileEncoding = 4; lastKnownFileType = sourcecode.c.c; path = split.c; sourceTree = "<group>"; };
		47A1B1A11D4A9C21008D980C /* split.h */ = {isa = PBXFileReference; fileEncoding = 4; lastKnownFileType = sourcecode.c.h; path = split.h; sourceTree = "<group>"; };
		47A1B1A21D4A9C21008D980C /* UIImage+MDQRCode.h */ = {isa = PBXFileReference; fileEncoding = 4; lastKnownFileType = sourcecode.c.h; path = "UIImage+MDQRCode.h"; sourceTree = "<group>"; };
		47A1B1A31D4A9C21008D980C /* UIImage+MDQRCode.m */ = {isa = PBXFileReference; fileEncoding = 4; lastKnownFileType = sourcecode.c.objc; path = "UIImage+MDQRCode.m"; sourceTree = "<group>"; };
		E6D681BF7DA0ADC58F5A2673 /* Pods-QR-Coder-Decoder.debug.xcconfig */ = {isa = PBXFileReference; includeInIndex = 1; lastKnownFileType = text.xcconfig; name = "Pods-QR-Coder-Decoder.debug.xcconfig"; path = "Pods/Target Support Files/Pods-QR-Coder-Decoder/Pods-QR-Coder-Decoder.debug.xcconfig"; sourceTree = "<group>"; };
/* End PBXFileReference section */

/* Begin PBXFrameworksBuildPhase section */
		470C4FBD1D46978A0098DBBE /* Frameworks */ = {
			isa = PBXFrameworksBuildPhase;
			buildActionMask = 2147483647;
			files = (
				0C23B2E0BF34DFC7F94ACEF9 /* libPods-QR-Coder-Decoder.a in Frameworks */,
			);
			runOnlyForDeploymentPostprocessing = 0;
		};
/* End PBXFrameworksBuildPhase section */

/* Begin PBXGroup section */
		470C4FB71D46978A0098DBBE = {
			isa = PBXGroup;
			children = (
				470C4FC21D46978A0098DBBE /* QR-Coder-Decoder */,
				470C4FC11D46978A0098DBBE /* Products */,
				835415CCEFC3197F8E832B2F /* Pods */,
				693F260392A8C6A61071F16C /* Frameworks */,
			);
			sourceTree = "<group>";
		};
		470C4FC11D46978A0098DBBE /* Products */ = {
			isa = PBXGroup;
			children = (
				470C4FC01D46978A0098DBBE /* QR-Coder-Decoder.app */,
			);
			name = Products;
			sourceTree = "<group>";
		};
		470C4FC21D46978A0098DBBE /* QR-Coder-Decoder */ = {
			isa = PBXGroup;
			children = (
				47A1B1911D4A9C21008D980C /* Resources */,
				470C4FC61D46978A0098DBBE /* AppDelegate.h */,
				470C4FC71D46978A0098DBBE /* AppDelegate.m */,
				470C4FC91D46978A0098DBBE /* FirstViewController.h */,
				470C4FCA1D46978A0098DBBE /* FirstViewController.m */,
				470C4FCC1D46978A0098DBBE /* SecondViewController.h */,
				470C4FCD1D46978A0098DBBE /* SecondViewController.m */,
				470C4FCF1D46978A0098DBBE /* Main.storyboard */,
				470C4FD21D46978B0098DBBE /* Assets.xcassets */,
				470C4FD41D46978B0098DBBE /* LaunchScreen.storyboard */,
				470C4FD71D46978B0098DBBE /* Info.plist */,
				470C4FC31D46978A0098DBBE /* Supporting Files */,
			);
			path = "QR-Coder-Decoder";
			sourceTree = "<group>";
		};
		470C4FC31D46978A0098DBBE /* Supporting Files */ = {
			isa = PBXGroup;
			children = (
				470C4FC41D46978A0098DBBE /* main.m */,
			);
			name = "Supporting Files";
			sourceTree = "<group>";
		};
		47A1B1911D4A9C21008D980C /* Resources */ = {
			isa = PBXGroup;
			children = (
				47A1B1921D4A9C21008D980C /* QRCoder */,
			);
			path = Resources;
			sourceTree = "<group>";
		};
		47A1B1921D4A9C21008D980C /* QRCoder */ = {
			isa = PBXGroup;
			children = (
				47A1B1931D4A9C21008D980C /* libqrencode */,
				47A1B1A21D4A9C21008D980C /* UIImage+MDQRCode.h */,
				47A1B1A31D4A9C21008D980C /* UIImage+MDQRCode.m */,
			);
			path = QRCoder;
			sourceTree = "<group>";
		};
		47A1B1931D4A9C21008D980C /* libqrencode */ = {
			isa = PBXGroup;
			children = (
				47A1B1941D4A9C21008D980C /* bitstream.c */,
				47A1B1951D4A9C21008D980C /* bitstream.h */,
				47A1B1961D4A9C21008D980C /* mask.c */,
				47A1B1971D4A9C21008D980C /* mask.h */,
				47A1B1981D4A9C21008D980C /* qrencode.c */,
				47A1B1991D4A9C21008D980C /* qrencode.h */,
				47A1B19A1D4A9C21008D980C /* qrinput.c */,
				47A1B19B1D4A9C21008D980C /* qrinput.h */,
				47A1B19C1D4A9C21008D980C /* qrspec.c */,
				47A1B19D1D4A9C21008D980C /* qrspec.h */,
				47A1B19E1D4A9C21008D980C /* rscode.c */,
				47A1B19F1D4A9C21008D980C /* rscode.h */,
				47A1B1A01D4A9C21008D980C /* split.c */,
				47A1B1A11D4A9C21008D980C /* split.h */,
			);
			path = libqrencode;
			sourceTree = "<group>";
		};
		693F260392A8C6A61071F16C /* Frameworks */ = {
			isa = PBXGroup;
			children = (
				04D703FF9BEC8E5D5A814B95 /* libPods-QR-Coder-Decoder.a */,
			);
			name = Frameworks;
			sourceTree = "<group>";
		};
		835415CCEFC3197F8E832B2F /* Pods */ = {
			isa = PBXGroup;
			children = (
				E6D681BF7DA0ADC58F5A2673 /* Pods-QR-Coder-Decoder.debug.xcconfig */,
				2863BF339B3C3D26ABD811AF /* Pods-QR-Coder-Decoder.release.xcconfig */,
			);
			name = Pods;
			sourceTree = "<group>";
		};
/* End PBXGroup section */

/* Begin PBXNativeTarget section */
		470C4FBF1D46978A0098DBBE /* QR-Coder-Decoder */ = {
			isa = PBXNativeTarget;
			buildConfigurationList = 470C4FDA1D46978B0098DBBE /* Build configuration list for PBXNativeTarget "QR-Coder-Decoder" */;
			buildPhases = (
				F77F4CCA0DA6C42C76E255F8 /* [CP] Check Pods Manifest.lock */,
				470C4FBC1D46978A0098DBBE /* Sources */,
				470C4FBD1D46978A0098DBBE /* Frameworks */,
				470C4FBE1D46978A0098DBBE /* Resources */,
				33E33E4BA33359B49D4EC1A7 /* [CP] Embed Pods Frameworks */,
				4BD9EC11B8F9C55B7B31E091 /* [CP] Copy Pods Resources */,
			);
			buildRules = (
			);
			dependencies = (
			);
			name = "QR-Coder-Decoder";
			productName = "QR-Coder-Decoder";
			productReference = 470C4FC01D46978A0098DBBE /* QR-Coder-Decoder.app */;
			productType = "com.apple.product-type.application";
		};
/* End PBXNativeTarget section */

/* Begin PBXProject section */
		470C4FB81D46978A0098DBBE /* Project object */ = {
			isa = PBXProject;
			attributes = {
				LastUpgradeCheck = 0730;
				ORGANIZATIONNAME = xaviraol;
				TargetAttributes = {
					470C4FBF1D46978A0098DBBE = {
						CreatedOnToolsVersion = 7.3.1;
						DevelopmentTeam = 99F4RM2XFV;
					};
				};
			};
			buildConfigurationList = 470C4FBB1D46978A0098DBBE /* Build configuration list for PBXProject "QR-Coder-Decoder" */;
			compatibilityVersion = "Xcode 3.2";
			developmentRegion = English;
			hasScannedForEncodings = 0;
			knownRegions = (
				en,
				Base,
			);
			mainGroup = 470C4FB71D46978A0098DBBE;
			productRefGroup = 470C4FC11D46978A0098DBBE /* Products */;
			projectDirPath = "";
			projectRoot = "";
			targets = (
				470C4FBF1D46978A0098DBBE /* QR-Coder-Decoder */,
			);
		};
/* End PBXProject section */

/* Begin PBXResourcesBuildPhase section */
		470C4FBE1D46978A0098DBBE /* Resources */ = {
			isa = PBXResourcesBuildPhase;
			buildActionMask = 2147483647;
			files = (
				470C4FD61D46978B0098DBBE /* LaunchScreen.storyboard in Resources */,
				470C4FD31D46978B0098DBBE /* Assets.xcassets in Resources */,
				470C4FD11D46978A0098DBBE /* Main.storyboard in Resources */,
			);
			runOnlyForDeploymentPostprocessing = 0;
		};
/* End PBXResourcesBuildPhase section */

/* Begin PBXShellScriptBuildPhase section */
		33E33E4BA33359B49D4EC1A7 /* [CP] Embed Pods Frameworks */ = {
			isa = PBXShellScriptBuildPhase;
			buildActionMask = 2147483647;
			files = (
			);
			inputPaths = (
			);
			name = "[CP] Embed Pods Frameworks";
			outputPaths = (
			);
			runOnlyForDeploymentPostprocessing = 0;
			shellPath = /bin/sh;
			shellScript = "\"${SRCROOT}/Pods/Target Support Files/Pods-QR-Coder-Decoder/Pods-QR-Coder-Decoder-frameworks.sh\"\n";
			showEnvVarsInLog = 0;
		};
		4BD9EC11B8F9C55B7B31E091 /* [CP] Copy Pods Resources */ = {
			isa = PBXShellScriptBuildPhase;
			buildActionMask = 2147483647;
			files = (
			);
			inputPaths = (
			);
			name = "[CP] Copy Pods Resources";
			outputPaths = (
			);
			runOnlyForDeploymentPostprocessing = 0;
			shellPath = /bin/sh;
			shellScript = "\"${SRCROOT}/Pods/Target Support Files/Pods-QR-Coder-Decoder/Pods-QR-Coder-Decoder-resources.sh\"\n";
			showEnvVarsInLog = 0;
		};
		F77F4CCA0DA6C42C76E255F8 /* [CP] Check Pods Manifest.lock */ = {
			isa = PBXShellScriptBuildPhase;
			buildActionMask = 2147483647;
			files = (
			);
			inputPaths = (
			);
			name = "[CP] Check Pods Manifest.lock";
			outputPaths = (
			);
			runOnlyForDeploymentPostprocessing = 0;
			shellPath = /bin/sh;
			shellScript = "diff \"${PODS_ROOT}/../Podfile.lock\" \"${PODS_ROOT}/Manifest.lock\" > /dev/null\nif [[ $? != 0 ]] ; then\n    cat << EOM\nerror: The sandbox is not in sync with the Podfile.lock. Run 'pod install' or update your CocoaPods installation.\nEOM\n    exit 1\nfi\n";
			showEnvVarsInLog = 0;
		};
/* End PBXShellScriptBuildPhase section */

/* Begin PBXSourcesBuildPhase section */
		470C4FBC1D46978A0098DBBE /* Sources */ = {
			isa = PBXSourcesBuildPhase;
			buildActionMask = 2147483647;
			files = (
				47A1B1AB1D4A9C21008D980C /* UIImage+MDQRCode.m in Sources */,
				470C4FCE1D46978A0098DBBE /* SecondViewController.m in Sources */,
				47A1B1A81D4A9C21008D980C /* qrspec.c in Sources */,
				47A1B1A41D4A9C21008D980C /* bitstream.c in Sources */,
				47A1B1A91D4A9C21008D980C /* rscode.c in Sources */,
				470C4FC81D46978A0098DBBE /* AppDelegate.m in Sources */,
				47A1B1A51D4A9C21008D980C /* mask.c in Sources */,
				47A1B1A61D4A9C21008D980C /* qrencode.c in Sources */,
				47A1B1A71D4A9C21008D980C /* qrinput.c in Sources */,
				47A1B1AA1D4A9C21008D980C /* split.c in Sources */,
				470C4FCB1D46978A0098DBBE /* FirstViewController.m in Sources */,
				470C4FC51D46978A0098DBBE /* main.m in Sources */,
			);
			runOnlyForDeploymentPostprocessing = 0;
		};
/* End PBXSourcesBuildPhase section */

/* Begin PBXVariantGroup section */
		470C4FCF1D46978A0098DBBE /* Main.storyboard */ = {
			isa = PBXVariantGroup;
			children = (
				470C4FD01D46978A0098DBBE /* Base */,
			);
			name = Main.storyboard;
			sourceTree = "<group>";
		};
		470C4FD41D46978B0098DBBE /* LaunchScreen.storyboard */ = {
			isa = PBXVariantGroup;
			children = (
				470C4FD51D46978B0098DBBE /* Base */,
			);
			name = LaunchScreen.storyboard;
			sourceTree = "<group>";
		};
/* End PBXVariantGroup section */

/* Begin XCBuildConfiguration section */
		470C4FD81D46978B0098DBBE /* Debug */ = {
			isa = XCBuildConfiguration;
			buildSettings = {
				ALWAYS_SEARCH_USER_PATHS = NO;
				CLANG_ANALYZER_NONNULL = YES;
				CLANG_CXX_LANGUAGE_STANDARD = "gnu++0x";
				CLANG_CXX_LIBRARY = "libc++";
				CLANG_ENABLE_MODULES = YES;
				CLANG_ENABLE_OBJC_ARC = YES;
				CLANG_WARN_BOOL_CONVERSION = YES;
				CLANG_WARN_CONSTANT_CONVERSION = YES;
				CLANG_WARN_DIRECT_OBJC_ISA_USAGE = YES_ERROR;
				CLANG_WARN_EMPTY_BODY = YES;
				CLANG_WARN_ENUM_CONVERSION = YES;
				CLANG_WARN_INT_CONVERSION = YES;
				CLANG_WARN_OBJC_ROOT_CLASS = YES_ERROR;
				CLANG_WARN_UNREACHABLE_CODE = YES;
				CLANG_WARN__DUPLICATE_METHOD_MATCH = YES;
				"CODE_SIGN_IDENTITY[sdk=iphoneos*]" = "iPhone Developer";
				COPY_PHASE_STRIP = NO;
				DEBUG_INFORMATION_FORMAT = dwarf;
				ENABLE_STRICT_OBJC_MSGSEND = YES;
				ENABLE_TESTABILITY = YES;
				GCC_C_LANGUAGE_STANDARD = gnu99;
				GCC_DYNAMIC_NO_PIC = NO;
				GCC_NO_COMMON_BLOCKS = YES;
				GCC_OPTIMIZATION_LEVEL = 0;
				GCC_PREPROCESSOR_DEFINITIONS = (
					"DEBUG=1",
					"$(inherited)",
				);
				GCC_WARN_64_TO_32_BIT_CONVERSION = YES;
				GCC_WARN_ABOUT_RETURN_TYPE = YES_ERROR;
				GCC_WARN_UNDECLARED_SELECTOR = YES;
				GCC_WARN_UNINITIALIZED_AUTOS = YES_AGGRESSIVE;
				GCC_WARN_UNUSED_FUNCTION = YES;
				GCC_WARN_UNUSED_VARIABLE = YES;
				IPHONEOS_DEPLOYMENT_TARGET = 9.3;
				MTL_ENABLE_DEBUG_INFO = YES;
				ONLY_ACTIVE_ARCH = YES;
				SDKROOT = iphoneos;
				TARGETED_DEVICE_FAMILY = "1,2";
			};
			name = Debug;
		};
		470C4FD91D46978B0098DBBE /* Release */ = {
			isa = XCBuildConfiguration;
			buildSettings = {
				ALWAYS_SEARCH_USER_PATHS = NO;
				CLANG_ANALYZER_NONNULL = YES;
				CLANG_CXX_LANGUAGE_STANDARD = "gnu++0x";
				CLANG_CXX_LIBRARY = "libc++";
				CLANG_ENABLE_MODULES = YES;
				CLANG_ENABLE_OBJC_ARC = YES;
				CLANG_WARN_BOOL_CONVERSION = YES;
				CLANG_WARN_CONSTANT_CONVERSION = YES;
				CLANG_WARN_DIRECT_OBJC_ISA_USAGE = YES_ERROR;
				CLANG_WARN_EMPTY_BODY = YES;
				CLANG_WARN_ENUM_CONVERSION = YES;
				CLANG_WARN_INT_CONVERSION = YES;
				CLANG_WARN_OBJC_ROOT_CLASS = YES_ERROR;
				CLANG_WARN_UNREACHABLE_CODE = YES;
				CLANG_WARN__DUPLICATE_METHOD_MATCH = YES;
				"CODE_SIGN_IDENTITY[sdk=iphoneos*]" = "iPhone Developer";
				COPY_PHASE_STRIP = NO;
				DEBUG_INFORMATION_FORMAT = "dwarf-with-dsym";
				ENABLE_NS_ASSERTIONS = NO;
				ENABLE_STRICT_OBJC_MSGSEND = YES;
				GCC_C_LANGUAGE_STANDARD = gnu99;
				GCC_NO_COMMON_BLOCKS = YES;
				GCC_WARN_64_TO_32_BIT_CONVERSION = YES;
				GCC_WARN_ABOUT_RETURN_TYPE = YES_ERROR;
				GCC_WARN_UNDECLARED_SELECTOR = YES;
				GCC_WARN_UNINITIALIZED_AUTOS = YES_AGGRESSIVE;
				GCC_WARN_UNUSED_FUNCTION = YES;
				GCC_WARN_UNUSED_VARIABLE = YES;
				IPHONEOS_DEPLOYMENT_TARGET = 9.3;
				MTL_ENABLE_DEBUG_INFO = NO;
				SDKROOT = iphoneos;
				TARGETED_DEVICE_FAMILY = "1,2";
				VALIDATE_PRODUCT = YES;
			};
			name = Release;
		};
		470C4FDB1D46978B0098DBBE /* Debug */ = {
			isa = XCBuildConfiguration;
			baseConfigurationReference = E6D681BF7DA0ADC58F5A2673 /* Pods-QR-Coder-Decoder.debug.xcconfig */;
			buildSettings = {
				ASSETCATALOG_COMPILER_APPICON_NAME = AppIcon;
				CODE_SIGN_IDENTITY = "iPhone Developer";
				"CODE_SIGN_IDENTITY[sdk=iphoneos*]" = "iPhone Developer";
				INFOPLIST_FILE = "QR-Coder-Decoder/Info.plist";
				LD_RUNPATH_SEARCH_PATHS = "$(inherited) @executable_path/Frameworks";
				PRODUCT_BUNDLE_IDENTIFIER = "xaviraol.QR-Coder-Decoder";
				PRODUCT_NAME = "$(TARGET_NAME)";
				PROVISIONING_PROFILE = "";
			};
			name = Debug;
		};
		470C4FDC1D46978B0098DBBE /* Release */ = {
			isa = XCBuildConfiguration;
			baseConfigurationReference = 2863BF339B3C3D26ABD811AF /* Pods-QR-Coder-Decoder.release.xcconfig */;
			buildSettings = {
				ASSETCATALOG_COMPILER_APPICON_NAME = AppIcon;
				CODE_SIGN_IDENTITY = "iPhone Developer";
				"CODE_SIGN_IDENTITY[sdk=iphoneos*]" = "iPhone Developer";
				INFOPLIST_FILE = "QR-Coder-Decoder/Info.plist";
				LD_RUNPATH_SEARCH_PATHS = "$(inherited) @executable_path/Frameworks";
				PRODUCT_BUNDLE_IDENTIFIER = "xaviraol.QR-Coder-Decoder";
				PRODUCT_NAME = "$(TARGET_NAME)";
				PROVISIONING_PROFILE = "";
			};
			name = Release;
		};
/* End XCBuildConfiguration section */

/* Begin XCConfigurationList section */
		470C4FBB1D46978A0098DBBE /* Build configuration list for PBXProject "QR-Coder-Decoder" */ = {
			isa = XCConfigurationList;
			buildConfigurations = (
				470C4FD81D46978B0098DBBE /* Debug */,
				470C4FD91D46978B0098DBBE /* Release */,
			);
			defaultConfigurationIsVisible = 0;
			defaultConfigurationName = Release;
		};
		470C4FDA1D46978B0098DBBE /* Build configuration list for PBXNativeTarget "QR-Coder-Decoder" */ = {
			isa = XCConfigurationList;
			buildConfigurations = (
				470C4FDB1D46978B0098DBBE /* Debug */,
				470C4FDC1D46978B0098DBBE /* Release */,
			);
			defaultConfigurationIsVisible = 0;
			defaultConfigurationName = Release;
		};
/* End XCConfigurationList section */
	};
	rootObject = 470C4FB81D46978A0098DBBE /* Project object */;
}
