// !$*UTF8*$!
{
	archiveVersion = 1;
	classes = {
	};
	objectVersion = 46;
	objects = {

/* Begin PBXBuildFile section */
		470C4FC51D46978A0098DBBE /* main.m in Sources */ = {isa = PBXBuildFile; fileRef = 470C4FC41D46978A0098DBBE /* main.m */; };
		470C4FC81D46978A0098DBBE /* AppDelegate.m in Sources */ = {isa = PBXBuildFile; fileRef = 470C4FC71D46978A0098DBBE /* AppDelegate.m */; };
		470C4FCB1D46978A0098DBBE /* FirstViewController.m in Sources */ = {isa = PBXBuildFile; fileRef = 470C4FCA1D46978A0098DBBE /* FirstViewController.m */; };
		470C4FCE1D46978A0098DBBE /* SecondViewController.m in Sources */ = {isa = PBXBuildFile; fileRef = 470C4FCD1D46978A0098DBBE /* SecondViewController.m */; };
		470C4FD11D46978A0098DBBE /* Main.storyboard in Resources */ = {isa = PBXBuildFile; fileRef = 470C4FCF1D46978A0098DBBE /* Main.storyboard */; };
		470C4FD31D46978B0098DBBE /* Assets.xcassets in Resources */ = {isa = PBXBuildFile; fileRef = 470C4FD21D46978B0098DBBE /* Assets.xcassets */; };
		470C4FD61D46978B0098DBBE /* LaunchScreen.storyboard in Resources */ = {isa = PBXBuildFile; fileRef = 470C4FD41D46978B0098DBBE /* LaunchScreen.storyboard */; };
/* End PBXBuildFile section */

/* Begin PBXFileReference section */
		470C4FC01D46978A0098DBBE /* QR-Coder-Decoder.app */ = {isa = PBXFileReference; explicitFileType = wrapper.application; includeInIndex = 0; path = "QR-Coder-Decoder.app"; sourceTree = BUILT_PRODUCTS_DIR; };
		470C4FC41D46978A0098DBBE /* main.m */ = {isa = PBXFileReference; lastKnownFileType = sourcecode.c.objc; path = main.m; sourceTree = "<group>"; };
		470C4FC61D46978A0098DBBE /* AppDelegate.h */ = {isa = PBXFileReference; lastKnownFileType = sourcecode.c.h; path = AppDelegate.h; sourceTree = "<group>"; };
		470C4FC71D46978A0098DBBE /* AppDelegate.m */ = {isa = PBXFileReference; lastKnownFileType = sourcecode.c.objc; path = AppDelegate.m; sourceTree = "<group>"; };
		470C4FC91D46978A0098DBBE /* FirstViewController.h */ = {isa = PBXFileReference; lastKnownFileType = sourcecode.c.h; path = FirstViewController.h; sourceTree = "<group>"; };
		470C4FCA1D46978A0098DBBE /* FirstViewController.m */ = {isa = PBXFileReference; lastKnownFileType = sourcecode.c.objc; path = FirstViewController.m; sourceTree = "<group>"; };
		470C4FCC1D46978A0098DBBE /* SecondViewController.h */ = {isa = PBXFileReference; lastKnownFileType = sourcecode.c.h; path = SecondViewController.h; sourceTree = "<group>"; };
		470C4FCD1D46978A0098DBBE /* SecondViewController.m */ = {isa = PBXFileReference; lastKnownFileType = sourcecode.c.objc; path = SecondViewController.m; sourceTree = "<group>"; };
		470C4FD01D46978A0098DBBE /* Base */ = {isa = PBXFileReference; lastKnownFileType = file.storyboard; name = Base; path = Base.lproj/Main.storyboard; sourceTree = "<group>"; };
		470C4FD21D46978B0098DBBE /* Assets.xcassets */ = {isa = PBXFileReference; lastKnownFileType = folder.assetcatalog; path = Assets.xcassets; sourceTree = "<group>"; };
		470C4FD51D46978B0098DBBE /* Base */ = {isa = PBXFileReference; lastKnownFileType = file.storyboard; name = Base; path = Base.lproj/LaunchScreen.storyboard; sourceTree = "<group>"; };
		470C4FD71D46978B0098DBBE /* Info.plist */ = {isa = PBXFileReference; lastKnownFileType = text.plist.xml; path = Info.plist; sourceTree = "<group>"; };
/* End PBXFileReference section */

/* Begin PBXFrameworksBuildPhase section */
		470C4FBD1D46978A0098DBBE /* Frameworks */ = {
			isa = PBXFrameworksBuildPhase;
			buildActionMask = 2147483647;
			files = (
			);
			runOnlyForDeploymentPostprocessing = 0;
		};
/* End PBXFrameworksBuildPhase section */

/* Begin PBXGroup section */
		470C4FB71D46978A0098DBBE = {
			isa = PBXGroup;
			children = (
				470C4FC21D46978A0098DBBE /* QR-Coder-Decoder */,
				470C4FC11D46978A0098DBBE /* Products */,
			);
			sourceTree = "<group>";
		};
		470C4FC11D46978A0098DBBE /* Products */ = {
			isa = PBXGroup;
			children = (
				470C4FC01D46978A0098DBBE /* QR-Coder-Decoder.app */,
			);
			name = Products;
			sourceTree = "<group>";
		};
		470C4FC21D46978A0098DBBE /* QR-Coder-Decoder */ = {
			isa = PBXGroup;
			children = (
				470C4FC61D46978A0098DBBE /* AppDelegate.h */,
				470C4FC71D46978A0098DBBE /* AppDelegate.m */,
				470C4FC91D46978A0098DBBE /* FirstViewController.h */,
				470C4FCA1D46978A0098DBBE /* FirstViewController.m */,
				470C4FCC1D46978A0098DBBE /* SecondViewController.h */,
				470C4FCD1D46978A0098DBBE /* SecondViewController.m */,
				470C4FCF1D46978A0098DBBE /* Main.storyboard */,
				470C4FD21D46978B0098DBBE /* Assets.xcassets */,
				470C4FD41D46978B0098DBBE /* LaunchScreen.storyboard */,
				470C4FD71D46978B0098DBBE /* Info.plist */,
				470C4FC31D46978A0098DBBE /* Supporting Files */,
			);
			path = "QR-Coder-Decoder";
			sourceTree = "<group>";
		};
		470C4FC31D46978A0098DBBE /* Supporting Files */ = {
			isa = PBXGroup;
			children = (
				470C4FC41D46978A0098DBBE /* main.m */,
			);
			name = "Supporting Files";
			sourceTree = "<group>";
		};
/* End PBXGroup section */

/* Begin PBXNativeTarget section */
		470C4FBF1D46978A0098DBBE /* QR-Coder-Decoder */ = {
			isa = PBXNativeTarget;
			buildConfigurationList = 470C4FDA1D46978B0098DBBE /* Build configuration list for PBXNativeTarget "QR-Coder-Decoder" */;
			buildPhases = (
				470C4FBC1D46978A0098DBBE /* Sources */,
				470C4FBD1D46978A0098DBBE /* Frameworks */,
				470C4FBE1D46978A0098DBBE /* Resources */,
			);
			buildRules = (
			);
			dependencies = (
			);
			name = "QR-Coder-Decoder";
			productName = "QR-Coder-Decoder";
			productReference = 470C4FC01D46978A0098DBBE /* QR-Coder-Decoder.app */;
			productType = "com.apple.product-type.application";
		};
/* End PBXNativeTarget section */

/* Begin PBXProject section */
		470C4FB81D46978A0098DBBE /* Project object */ = {
			isa = PBXProject;
			attributes = {
				LastUpgradeCheck = 0730;
				ORGANIZATIONNAME = xaviraol;
				TargetAttributes = {
					470C4FBF1D46978A0098DBBE = {
						CreatedOnToolsVersion = 7.3.1;
					};
				};
			};
			buildConfigurationList = 470C4FBB1D46978A0098DBBE /* Build configuration list for PBXProject "QR-Coder-Decoder" */;
			compatibilityVersion = "Xcode 3.2";
			developmentRegion = English;
			hasScannedForEncodings = 0;
			knownRegions = (
				en,
				Base,
			);
			mainGroup = 470C4FB71D46978A0098DBBE;
			productRefGroup = 470C4FC11D46978A0098DBBE /* Products */;
			projectDirPath = "";
			projectRoot = "";
			targets = (
				470C4FBF1D46978A0098DBBE /* QR-Coder-Decoder */,
			);
		};
/* End PBXProject section */

/* Begin PBXResourcesBuildPhase section */
		470C4FBE1D46978A0098DBBE /* Resources */ = {
			isa = PBXResourcesBuildPhase;
			buildActionMask = 2147483647;
			files = (
				470C4FD61D46978B0098DBBE /* LaunchScreen.storyboard in Resources */,
				470C4FD31D46978B0098DBBE /* Assets.xcassets in Resources */,
				470C4FD11D46978A0098DBBE /* Main.storyboard in Resources */,
			);
			runOnlyForDeploymentPostprocessing = 0;
		};
/* End PBXResourcesBuildPhase section */

/* Begin PBXSourcesBuildPhase section */
		470C4FBC1D46978A0098DBBE /* Sources */ = {
			isa = PBXSourcesBuildPhase;
			buildActionMask = 2147483647;
			files = (
				470C4FCE1D46978A0098DBBE /* SecondViewController.m in Sources */,
				470C4FC81D46978A0098DBBE /* AppDelegate.m in Sources */,
				470C4FCB1D46978A0098DBBE /* FirstViewController.m in Sources */,
				470C4FC51D46978A0098DBBE /* main.m in Sources */,
			);
			runOnlyForDeploymentPostprocessing = 0;
		};
/* End PBXSourcesBuildPhase section */

/* Begin PBXVariantGroup section */
		470C4FCF1D46978A0098DBBE /* Main.storyboard */ = {
			isa = PBXVariantGroup;
			children = (
				470C4FD01D46978A0098DBBE /* Base */,
			);
			name = Main.storyboard;
			sourceTree = "<group>";
		};
		470C4FD41D46978B0098DBBE /* LaunchScreen.storyboard */ = {
			isa = PBXVariantGroup;
			children = (
				470C4FD51D46978B0098DBBE /* Base */,
			);
			name = LaunchScreen.storyboard;
			sourceTree = "<group>";
		};
/* End PBXVariantGroup section */

/* Begin XCBuildConfiguration section */
		470C4FD81D46978B0098DBBE /* Debug */ = {
			isa = XCBuildConfiguration;
			buildSettings = {
				ALWAYS_SEARCH_USER_PATHS = NO;
				CLANG_ANALYZER_NONNULL = YES;
				CLANG_CXX_LANGUAGE_STANDARD = "gnu++0x";
				CLANG_CXX_LIBRARY = "libc++";
				CLANG_ENABLE_MODULES = YES;
				CLANG_ENABLE_OBJC_ARC = YES;
				CLANG_WARN_BOOL_CONVERSION = YES;
				CLANG_WARN_CONSTANT_CONVERSION = YES;
				CLANG_WARN_DIRECT_OBJC_ISA_USAGE = YES_ERROR;
				CLANG_WARN_EMPTY_BODY = YES;
				CLANG_WARN_ENUM_CONVERSION = YES;
				CLANG_WARN_INT_CONVERSION = YES;
				CLANG_WARN_OBJC_ROOT_CLASS = YES_ERROR;
				CLANG_WARN_UNREACHABLE_CODE = YES;
				CLANG_WARN__DUPLICATE_METHOD_MATCH = YES;
				"CODE_SIGN_IDENTITY[sdk=iphoneos*]" = "iPhone Developer";
				COPY_PHASE_STRIP = NO;
				DEBUG_INFORMATION_FORMAT = dwarf;
				ENABLE_STRICT_OBJC_MSGSEND = YES;
				ENABLE_TESTABILITY = YES;
				GCC_C_LANGUAGE_STANDARD = gnu99;
				GCC_DYNAMIC_NO_PIC = NO;
				GCC_NO_COMMON_BLOCKS = YES;
				GCC_OPTIMIZATION_LEVEL = 0;
				GCC_PREPROCESSOR_DEFINITIONS = (
					"DEBUG=1",
					"$(inherited)",
				);
				GCC_WARN_64_TO_32_BIT_CONVERSION = YES;
				GCC_WARN_ABOUT_RETURN_TYPE = YES_ERROR;
				GCC_WARN_UNDECLARED_SELECTOR = YES;
				GCC_WARN_UNINITIALIZED_AUTOS = YES_AGGRESSIVE;
				GCC_WARN_UNUSED_FUNCTION = YES;
				GCC_WARN_UNUSED_VARIABLE = YES;
				IPHONEOS_DEPLOYMENT_TARGET = 9.3;
				MTL_ENABLE_DEBUG_INFO = YES;
				ONLY_ACTIVE_ARCH = YES;
				SDKROOT = iphoneos;
				TARGETED_DEVICE_FAMILY = "1,2";
			};
			name = Debug;
		};
		470C4FD91D46978B0098DBBE /* Release */ = {
			isa = XCBuildConfiguration;
			buildSettings = {
				ALWAYS_SEARCH_USER_PATHS = NO;
				CLANG_ANALYZER_NONNULL = YES;
				CLANG_CXX_LANGUAGE_STANDARD = "gnu++0x";
				CLANG_CXX_LIBRARY = "libc++";
				CLANG_ENABLE_MODULES = YES;
				CLANG_ENABLE_OBJC_ARC = YES;
				CLANG_WARN_BOOL_CONVERSION = YES;
				CLANG_WARN_CONSTANT_CONVERSION = YES;
				CLANG_WARN_DIRECT_OBJC_ISA_USAGE = YES_ERROR;
				CLANG_WARN_EMPTY_BODY = YES;
				CLANG_WARN_ENUM_CONVERSION = YES;
				CLANG_WARN_INT_CONVERSION = YES;
				CLANG_WARN_OBJC_ROOT_CLASS = YES_ERROR;
				CLANG_WARN_UNREACHABLE_CODE = YES;
				CLANG_WARN__DUPLICATE_METHOD_MATCH = YES;
				"CODE_SIGN_IDENTITY[sdk=iphoneos*]" = "iPhone Developer";
				COPY_PHASE_STRIP = NO;
				DEBUG_INFORMATION_FORMAT = "dwarf-with-dsym";
				ENABLE_NS_ASSERTIONS = NO;
				ENABLE_STRICT_OBJC_MSGSEND = YES;
				GCC_C_LANGUAGE_STANDARD = gnu99;
				GCC_NO_COMMON_BLOCKS = YES;
				GCC_WARN_64_TO_32_BIT_CONVERSION = YES;
				GCC_WARN_ABOUT_RETURN_TYPE = YES_ERROR;
				GCC_WARN_UNDECLARED_SELECTOR = YES;
				GCC_WARN_UNINITIALIZED_AUTOS = YES_AGGRESSIVE;
				GCC_WARN_UNUSED_FUNCTION = YES;
				GCC_WARN_UNUSED_VARIABLE = YES;
				IPHONEOS_DEPLOYMENT_TARGET = 9.3;
				MTL_ENABLE_DEBUG_INFO = NO;
				SDKROOT = iphoneos;
				TARGETED_DEVICE_FAMILY = "1,2";
				VALIDATE_PRODUCT = YES;
			};
			name = Release;
		};
		470C4FDB1D46978B0098DBBE /* Debug */ = {
			isa = XCBuildConfiguration;
			buildSettings = {
				ASSETCATALOG_COMPILER_APPICON_NAME = AppIcon;
				INFOPLIST_FILE = "QR-Coder-Decoder/Info.plist";
				LD_RUNPATH_SEARCH_PATHS = "$(inherited) @executable_path/Frameworks";
				PRODUCT_BUNDLE_IDENTIFIER = "xaviraol.QR-Coder-Decoder";
				PRODUCT_NAME = "$(TARGET_NAME)";
			};
			name = Debug;
		};
		470C4FDC1D46978B0098DBBE /* Release */ = {
			isa = XCBuildConfiguration;
			buildSettings = {
				ASSETCATALOG_COMPILER_APPICON_NAME = AppIcon;
				INFOPLIST_FILE = "QR-Coder-Decoder/Info.plist";
				LD_RUNPATH_SEARCH_PATHS = "$(inherited) @executable_path/Frameworks";
				PRODUCT_BUNDLE_IDENTIFIER = "xaviraol.QR-Coder-Decoder";
				PRODUCT_NAME = "$(TARGET_NAME)";
			};
			name = Release;
		};
/* End XCBuildConfiguration section */

/* Begin XCConfigurationList section */
		470C4FBB1D46978A0098DBBE /* Build configuration list for PBXProject "QR-Coder-Decoder" */ = {
			isa = XCConfigurationList;
			buildConfigurations = (
				470C4FD81D46978B0098DBBE /* Debug */,
				470C4FD91D46978B0098DBBE /* Release */,
			);
			defaultConfigurationIsVisible = 0;
			defaultConfigurationName = Release;
		};
		470C4FDA1D46978B0098DBBE /* Build configuration list for PBXNativeTarget "QR-Coder-Decoder" */ = {
			isa = XCConfigurationList;
			buildConfigurations = (
				470C4FDB1D46978B0098DBBE /* Debug */,
				470C4FDC1D46978B0098DBBE /* Release */,
			);
			defaultConfigurationIsVisible = 0;
		};
/* End XCConfigurationList section */
	};
	rootObject = 470C4FB81D46978A0098DBBE /* Project object */;
}
